
Microsoft Visual Studio Solution File, Format Version 12.00
# Visual Studio Version 16
VisualStudioVersion = 16.0.31313.79
MinimumVisualStudioVersion = 10.0.40219.1
Project("{FAE04EC0-301F-11D3-BF4B-00C04F79EFBC}") = "SmartHomeHub", "SmartHomeHub.csproj", "{F5285121-111F-4F5B-820F-CB62801FB772}"
EndProject
Global
	GlobalSection(SolutionConfigurationPlatforms) = preSolution
		Debug|Any CPU = Debug|Any CPU
		Release|Any CPU = Release|Any CPU
	EndGlobalSection
	GlobalSection(ProjectConfigurationPlatforms) = postSolution
		{F5285121-111F-4F5B-820F-CB62801FB772}.Debug|Any CPU.ActiveCfg = Debug|Any CPU
		{F5285121-111F-4F5B-820F-CB62801FB772}.Debug|Any CPU.Build.0 = Debug|Any CPU
		{F5285121-111F-4F5B-820F-CB62801FB772}.Release|Any CPU.ActiveCfg = Release|Any CPU
		{F5285121-111F-4F5B-820F-CB62801FB772}.Release|Any CPU.Build.0 = Release|Any CPU
	EndGlobalSection
	GlobalSection(SolutionProperties) = preSolution
		HideSolutionNode = FALSE
	EndGlobalSection
	GlobalSection(ExtensibilityGlobals) = postSolution
		SolutionGuid = {08666D57-B8A9-4A77-A206-E51C6971BE3F}
	EndGlobalSection
EndGlobal
